
Microsoft Visual Studio Solution File, Format Version 12.00
# Visual Studio 15
VisualStudioVersion = 15.0.28307.1062
MinimumVisualStudioVersion = 10.0.40219.1
Project("{FAE04EC0-301F-11D3-BF4B-00C04F79EFBC}") = "ExportSource", "ExportSource\ExportSource.csproj", "{4EB7F3C5-6F6A-46DE-A8FA-2688B8263883}"
EndProject
Global
	GlobalSection(SolutionConfigurationPlatforms) = preSolution
		Debug|Any CPU = Debug|Any CPU
		Release|Any CPU = Release|Any CPU
	EndGlobalSection
	GlobalSection(ProjectConfigurationPlatforms) = postSolution
		{4EB7F3C5-6F6A-46DE-A8FA-2688B8263883}.Debug|Any CPU.ActiveCfg = Debug|Any CPU
		{4EB7F3C5-6F6A-46DE-A8FA-2688B8263883}.Debug|Any CPU.Build.0 = Debug|Any CPU
		{4EB7F3C5-6F6A-46DE-A8FA-2688B8263883}.Release|Any CPU.ActiveCfg = Release|Any CPU
		{4EB7F3C5-6F6A-46DE-A8FA-2688B8263883}.Release|Any CPU.Build.0 = Release|Any CPU
	EndGlobalSection
	GlobalSection(SolutionProperties) = preSolution
		HideSolutionNode = FALSE
	EndGlobalSection
	GlobalSection(ExtensibilityGlobals) = postSolution
		SolutionGuid = {07C734F7-887F-467E-B1E4-555B4792B56D}
	EndGlobalSection
EndGlobal
